<?xml version="1.0" encoding="utf-8"?>
<Project ToolsVersion="4.0" xmlns="http://schemas.microsoft.com/developer/msbuild/2003">
  <ItemGroup>
    <Filter Include="Source Files">
      <UniqueIdentifier>{4FC737F1-C7A5-4376-A066-2A32D752A2FF}</UniqueIdentifier>
      <Extensions>cpp;c;cc;cxx;c++;cppm;ixx;def;odl;idl;hpj;bat;asm;asmx</Extensions>
    </Filter>
    <Filter Include="Header Files">
      <UniqueIdentifier>{93995380-89BD-4b04-88EB-625FBE52EBFB}</UniqueIdentifier>
      <Extensions>h;hh;hpp;hxx;h++;hm;inl;inc;ipp;xsd</Extensions>
    </Filter>
    <Filter Include="Resource Files">
      <UniqueIdentifier>{67DA6AB6-F800-4c08-8B7A-83BB121AAD01}</UniqueIdentifier>
      <Extensions>rc;ico;cur;bmp;dlg;rc2;rct;bin;rgs;gif;jpg;jpeg;jpe;resx;tiff;tif;png;wav;mfcribbon-ms</Extensions>
    </Filter>
    <Filter Include="structures">
      <UniqueIdentifier>{38e17715-dadd-4218-b9b9-a8ddd645829e}</UniqueIdentifier>
    </Filter>
    <Filter Include="structures\vector">
      <UniqueIdentifier>{ef81835c-0a84-4add-a423-862fa31b66f2}</UniqueIdentifier>
    </Filter>
    <Filter Include="structures\array">
      <UniqueIdentifier>{41f7fba4-3eb9-4f86-a513-7fbe088b08fe}</UniqueIdentifier>
    </Filter>
    <Filter Include="structures\list">
      <UniqueIdentifier>{8f7970d7-22cf-4f1d-8779-10671b96662d}</UniqueIdentifier>
    </Filter>
    <Filter Include="Header Files\tests">
      <UniqueIdentifier>{f75dbfab-e590-4d90-8ee2-baead8b9c04a}</UniqueIdentifier>
    </Filter>
    <Filter Include="structures\priority_queue">
      <UniqueIdentifier>{ff76d24f-b370-4223-956b-e18fd6755b4e}</UniqueIdentifier>
    </Filter>
    <Filter Include="structures\matrix">
      <UniqueIdentifier>{69772bbe-8ee8-4f08-b8b0-c97c4a8c757e}</UniqueIdentifier>
    </Filter>
    <Filter Include="structures\stack">
      <UniqueIdentifier>{f463fb44-81fe-41cb-9b31-0ce0a1fdb8ca}</UniqueIdentifier>
    </Filter>
    <Filter Include="structures\queue">
      <UniqueIdentifier>{561d29c5-0498-4782-9c7e-f4a8c6eca4b2}</UniqueIdentifier>
    </Filter>
    <Filter Include="Header Files\tests\adt_tests">
      <UniqueIdentifier>{e18ac861-0d8f-4c64-82c7-6cbb11bd84ba}</UniqueIdentifier>
    </Filter>
    <Filter Include="Header Files\tests\test">
      <UniqueIdentifier>{7dfaab85-021c-42ee-843a-d81c06815b60}</UniqueIdentifier>
    </Filter>
    <Filter Include="structures\set">
      <UniqueIdentifier>{f43f75ad-a84c-4f37-be9a-e89f02b14ad8}</UniqueIdentifier>
    </Filter>
    <Filter Include="Header Files\scenarios">
      <UniqueIdentifier>{495c1fa4-9282-4247-837b-1f24e6a32f27}</UniqueIdentifier>
    </Filter>
    <Filter Include="Header Files\scenarios\other">
      <UniqueIdentifier>{f353a7a4-e6ab-4aa6-9ab6-ea29b030f077}</UniqueIdentifier>
    </Filter>
    <Filter Include="Header Files\scenarios\other\bitmap">
      <UniqueIdentifier>{cc74b98e-f62a-4432-ac32-b67aa072127d}</UniqueIdentifier>
    </Filter>
    <Filter Include="Header Files\scenarios\matrix">
      <UniqueIdentifier>{8826e374-10df-4823-881d-ad9ba78c32a4}</UniqueIdentifier>
    </Filter>
    <Filter Include="Header Files\enumTypes">
      <UniqueIdentifier>{ad7005cd-e74b-4bfc-93ab-a75a2dd99d04}</UniqueIdentifier>
    </Filter>
    <Filter Include="Header Files\tests\test\list">
      <UniqueIdentifier>{2ce7593e-ebd3-49f2-bf52-e5ec9d2c9124}</UniqueIdentifier>
    </Filter>
    <Filter Include="Header Files\tests\test\matrix">
      <UniqueIdentifier>{d31a64a3-fb80-4243-81fd-03000b0ee22e}</UniqueIdentifier>
    </Filter>
    <Filter Include="Header Files\tests\test\priority_queue">
      <UniqueIdentifier>{096fb145-2761-40a7-87ca-85cc2d970eec}</UniqueIdentifier>
    </Filter>
    <Filter Include="Header Files\tests\test\set">
      <UniqueIdentifier>{58793252-edaf-428d-b8dc-5b02c2b6f149}</UniqueIdentifier>
    </Filter>
  </ItemGroup>
  <ItemGroup>
    <ClCompile Include="main.cpp">
      <Filter>Source Files</Filter>
    </ClCompile>
    <ClCompile Include="structures\ds_routines.cpp">
      <Filter>structures</Filter>
    </ClCompile>
    <ClCompile Include="structures\structure.cpp">
      <Filter>structures</Filter>
    </ClCompile>
    <ClCompile Include="structures\vector\vector.cpp">
      <Filter>structures\vector</Filter>
    </ClCompile>
    <ClCompile Include="ADTTests.cpp">
      <Filter>Header Files\tests\adt_tests</Filter>
    </ClCompile>
    <ClCompile Include="Scenarios.cpp">
      <Filter>Header Files\scenarios</Filter>
    </ClCompile>
    <ClCompile Include="ScenariosMatrix.cpp">
      <Filter>Header Files\scenarios\matrix</Filter>
    </ClCompile>
    <ClCompile Include="ScenariosOther.cpp">
      <Filter>Header Files\scenarios\other</Filter>
    </ClCompile>
    <ClCompile Include="ScenariosOtherBitMap.cpp">
      <Filter>Header Files\scenarios\other\bitmap</Filter>
    </ClCompile>
    <ClCompile Include="structures\set\bitmap.cpp">
      <Filter>structures\set</Filter>
    </ClCompile>
  </ItemGroup>
  <ItemGroup>
    <ClInclude Include="structures\ds_routines.h">
      <Filter>structures</Filter>
    </ClInclude>
    <ClInclude Include="structures\heap_monitor.h">
      <Filter>structures</Filter>
    </ClInclude>
    <ClInclude Include="structures\memory_routines.h">
      <Filter>structures</Filter>
    </ClInclude>
    <ClInclude Include="structures\structure.h">
      <Filter>structures</Filter>
    </ClInclude>
    <ClInclude Include="structures\structure_iterator.h">
      <Filter>structures</Filter>
    </ClInclude>
    <ClInclude Include="structures\vector\vector.h">
      <Filter>structures\vector</Filter>
    </ClInclude>
    <ClInclude Include="structures\array\array.h">
      <Filter>structures\array</Filter>
    </ClInclude>
    <ClInclude Include="structures\list\array_list.h">
      <Filter>structures\list</Filter>
    </ClInclude>
    <ClInclude Include="structures\list\linked_list.h">
      <Filter>structures\list</Filter>
    </ClInclude>
    <ClInclude Include="structures\list\list.h">
      <Filter>structures\list</Filter>
    </ClInclude>
    <ClInclude Include="structures\ds_structure_types.h">
      <Filter>structures</Filter>
    </ClInclude>
    <ClInclude Include="structures\priority_queue\heap.h">
      <Filter>structures\priority_queue</Filter>
    </ClInclude>
    <ClInclude Include="structures\priority_queue\priority_queue.h">
      <Filter>structures\priority_queue</Filter>
    </ClInclude>
    <ClInclude Include="structures\priority_queue\priority_queue_limited_sorted_array_list.h">
      <Filter>structures\priority_queue</Filter>
    </ClInclude>
    <ClInclude Include="structures\priority_queue\priority_queue_linked_list.h">
      <Filter>structures\priority_queue</Filter>
    </ClInclude>
    <ClInclude Include="structures\priority_queue\priority_queue_list.h">
      <Filter>structures\priority_queue</Filter>
    </ClInclude>
    <ClInclude Include="structures\priority_queue\priority_queue_sorted_array_list.h">
      <Filter>structures\priority_queue</Filter>
    </ClInclude>
    <ClInclude Include="structures\priority_queue\priority_queue_two_lists.h">
      <Filter>structures\priority_queue</Filter>
    </ClInclude>
    <ClInclude Include="structures\priority_queue\priority_queue_unsorted_array_list.h">
      <Filter>structures\priority_queue</Filter>
    </ClInclude>
    <ClInclude Include="TestList.h">
      <Filter>Header Files\tests\test\list</Filter>
    </ClInclude>
    <ClInclude Include="TestArrayList.h">
      <Filter>Header Files\tests\test\list</Filter>
    </ClInclude>
    <ClInclude Include="TestLinkedList.h">
      <Filter>Header Files\tests\test\list</Filter>
    </ClInclude>
    <ClInclude Include="TestPriorityQueue.h">
      <Filter>Header Files\tests\test\priority_queue</Filter>
    </ClInclude>
    <ClInclude Include="TestPriorityQueueSortedArrayList.h">
      <Filter>Header Files\tests\test\priority_queue</Filter>
    </ClInclude>
    <ClInclude Include="TestHeap.h">
      <Filter>Header Files\tests\test\priority_queue</Filter>
    </ClInclude>
    <ClInclude Include="TestMatrix.h">
      <Filter>Header Files\tests\test\matrix</Filter>
    </ClInclude>
    <ClInclude Include="TestCoherentMatrix.h">
      <Filter>Header Files\tests\test\matrix</Filter>
    </ClInclude>
    <ClInclude Include="TestIncoherentMatrix.h">
      <Filter>Header Files\tests\test\matrix</Filter>
    </ClInclude>
    <ClInclude Include="structures\matrix\coherent_matrix.h">
      <Filter>structures\matrix</Filter>
    </ClInclude>
    <ClInclude Include="structures\matrix\incoherent_matrix.h">
      <Filter>structures\matrix</Filter>
    </ClInclude>
    <ClInclude Include="structures\matrix\matrix.h">
      <Filter>structures\matrix</Filter>
    </ClInclude>
    <ClInclude Include="structures\list\bidirectional_cyclic_linked_list.h">
      <Filter>structures\list</Filter>
    </ClInclude>
    <ClInclude Include="structures\stack\explicit_stack.h">
      <Filter>structures\stack</Filter>
    </ClInclude>
    <ClInclude Include="structures\stack\implicit_stack.h">
      <Filter>structures\stack</Filter>
    </ClInclude>
    <ClInclude Include="structures\stack\stack.h">
      <Filter>structures\stack</Filter>
    </ClInclude>
    <ClInclude Include="structures\queue\explicit_queue.h">
      <Filter>structures\queue</Filter>
    </ClInclude>
    <ClInclude Include="structures\queue\implicit_queue.h">
      <Filter>structures\queue</Filter>
    </ClInclude>
    <ClInclude Include="structures\queue\queue.h">
      <Filter>structures\queue</Filter>
    </ClInclude>
    <ClInclude Include="TestBidirectionalCyclicLinkedList.h">
      <Filter>Header Files\tests\test\list</Filter>
    </ClInclude>
    <ClInclude Include="ADTTests.h">
      <Filter>Header Files\tests\adt_tests</Filter>
    </ClInclude>
    <ClInclude Include="Test.h">
      <Filter>Header Files\tests\test</Filter>
    </ClInclude>
    <ClInclude Include="Scenarios.h">
      <Filter>Header Files\scenarios</Filter>
    </ClInclude>
    <ClInclude Include="ScenariosMatrix.h">
      <Filter>Header Files\scenarios\matrix</Filter>
    </ClInclude>
    <ClInclude Include="ScenariosOther.h">
      <Filter>Header Files\scenarios\other</Filter>
    </ClInclude>
    <ClInclude Include="structures\priority_queue\priority_queue_two_lists_half_capacity.h">
      <Filter>structures\priority_queue</Filter>
    </ClInclude>
    <ClInclude Include="structures\priority_queue\priority_queue_two_lists_limited_capacity.h">
      <Filter>structures\priority_queue</Filter>
    </ClInclude>
    <ClInclude Include="TestTwoListsSqrtCapacity.h">
      <Filter>Header Files\tests\test\priority_queue</Filter>
    </ClInclude>
    <ClInclude Include="TestTwoListsHalfCapacity.h">
      <Filter>Header Files\tests\test\priority_queue</Filter>
    </ClInclude>
    <ClInclude Include="TestTwoListsLimitedCapacity.h">
      <Filter>Header Files\tests\test\priority_queue</Filter>
    </ClInclude>
    <ClInclude Include="ScenariosOtherBitMap.h">
      <Filter>Header Files\scenarios\other\bitmap</Filter>
    </ClInclude>
    <ClInclude Include="TestSet.h">
      <Filter>Header Files\tests\test\set</Filter>
    </ClInclude>
    <ClInclude Include="structures\set\bitmap.h">
      <Filter>structures\set</Filter>
    </ClInclude>
    <ClInclude Include="structureTypes.h">
      <Filter>Header Files\enumTypes</Filter>
    </ClInclude>
    <ClInclude Include="structures\priority_queue\priority_queue_two_lists_sqrt_capacity.h">
      <Filter>structures\priority_queue</Filter>
    </ClInclude>
    <ClInclude Include="TestBitmap.h">
      <Filter>Header Files\tests\test\set</Filter>
    </ClInclude>
  </ItemGroup>
  <ItemGroup>
    <None Include="ClassDiagram.cd" />
  </ItemGroup>
</Project>